{
  "version": "5",
  "redirects": {
    "https://esm.sh/@supabase/supabase-js@2": "https://esm.sh/@supabase/supabase-js@2.110.1"
  },
  "remote": {
    "https://esm.sh/@supabase/supabase-js@2.110.1": "3e6ac10368fe97f2b18aab157383635843c15e029846ad33a56bd754d09c2fe0"
  },
  "workspace": {
    "packageJson": {
      "dependencies": [
        "npm:sharp@~0.33.5",
        "npm:tsx@^4.19.2"
      ]
    }
  }
}
